// !$*UTF8*$!
{
	archiveVersion = 1;
	classes = {
	};
	objectVersion = 51;
	objects = {

/* Begin PBXBuildFile section */
		470FF3F225B54E7C00FD2D6F /* AudioRequestDelegate.swift in Sources */ = {isa = PBXBuildFile; fileRef = 470FF3F125B54E7C00FD2D6F /* AudioRequestDelegate.swift */; };
		470FF3FB25B79D8B00FD2D6F /* PlayingDelegate.swift in Sources */ = {isa = PBXBuildFile; fileRef = 470FF3FA25B79D8B00FD2D6F /* PlayingDelegate.swift */; };
		4740DF1525AD239E00A4FAEF /* OperationOfPlayback.swift in Sources */ = {isa = PBXBuildFile; fileRef = 4740DF1425AD239E00A4FAEF /* OperationOfPlayback.swift */; };
		47774ED725A68ED800015D37 /* DraftView.swift in Sources */ = {isa = PBXBuildFile; fileRef = 47774ED625A68ED800015D37 /* DraftView.swift */; };
		47B315B6259EEBC200981F01 /* AppDelegate.swift in Sources */ = {isa = PBXBuildFile; fileRef = 47B315B5259EEBC200981F01 /* AppDelegate.swift */; };
		47B315B8259EEBC200981F01 /* SceneDelegate.swift in Sources */ = {isa = PBXBuildFile; fileRef = 47B315B7259EEBC200981F01 /* SceneDelegate.swift */; };
		47B315BF259EEBC300981F01 /* Assets.xcassets in Resources */ = {isa = PBXBuildFile; fileRef = 47B315BE259EEBC300981F01 /* Assets.xcassets */; };
		47B315C2259EEBC300981F01 /* LaunchScreen.storyboard in Resources */ = {isa = PBXBuildFile; fileRef = 47B315C0259EEBC300981F01 /* LaunchScreen.storyboard */; };
		47B315D8259EF7D500981F01 /* RecordingViewController.swift in Sources */ = {isa = PBXBuildFile; fileRef = 47B315D7259EF7D500981F01 /* RecordingViewController.swift */; };
		47B315DE259F00F100981F01 /* RecordingView.swift in Sources */ = {isa = PBXBuildFile; fileRef = 47B315DD259F00F100981F01 /* RecordingView.swift */; };
		47B3160C25A045C900981F01 /* OperationOfRecord.swift in Sources */ = {isa = PBXBuildFile; fileRef = 47B3160B25A045C900981F01 /* OperationOfRecord.swift */; };
		47B3160F25A09A9300981F01 /* Extensions.swift in Sources */ = {isa = PBXBuildFile; fileRef = 47B3160E25A09A9300981F01 /* Extensions.swift */; };
		47B3161225A09C3400981F01 /* RecordingViewDelegate.swift in Sources */ = {isa = PBXBuildFile; fileRef = 47B3161125A09C3400981F01 /* RecordingViewDelegate.swift */; };
		47B948D725B3119E005C799D /* CustomTableViewCell.swift in Sources */ = {isa = PBXBuildFile; fileRef = 47B948D625B3119E005C799D /* CustomTableViewCell.swift */; };
		47CDBBAF25B83EC7005ACE3B /* DraftPlayingDelegate.swift in Sources */ = {isa = PBXBuildFile; fileRef = 47CDBBAE25B83EC7005ACE3B /* DraftPlayingDelegate.swift */; };
		47CDBBC225B85EA7005ACE3B /* MainViewDelegate.swift in Sources */ = {isa = PBXBuildFile; fileRef = 47CDBBC125B85EA7005ACE3B /* MainViewDelegate.swift */; };
		47CDBBC525B877A2005ACE3B /* AudioTableViewDelegate.swift in Sources */ = {isa = PBXBuildFile; fileRef = 47CDBBC425B877A2005ACE3B /* AudioTableViewDelegate.swift */; };
		47DA655A25AAF59A00F6EF5E /* AudioTableView.swift in Sources */ = {isa = PBXBuildFile; fileRef = 47DA655925AAF59A00F6EF5E /* AudioTableView.swift */; };
		47DA656525AB1B7C00F6EF5E /* MainView.swift in Sources */ = {isa = PBXBuildFile; fileRef = 47DA656425AB1B7C00F6EF5E /* MainView.swift */; };
		47DA656825AB1B9300F6EF5E /* MainViewController.swift in Sources */ = {isa = PBXBuildFile; fileRef = 47DA656725AB1B9300F6EF5E /* MainViewController.swift */; };
		47DA657425AB3B7400F6EF5E /* FileManagerOperate.swift in Sources */ = {isa = PBXBuildFile; fileRef = 47DA657325AB3B7400F6EF5E /* FileManagerOperate.swift */; };
		47DA657725AB3C2800F6EF5E /* PlayingView.swift in Sources */ = {isa = PBXBuildFile; fileRef = 47DA657625AB3C2800F6EF5E /* PlayingView.swift */; };
		47DA657A25AB410500F6EF5E /* PlayingViewController.swift in Sources */ = {isa = PBXBuildFile; fileRef = 47DA657925AB410500F6EF5E /* PlayingViewController.swift */; };
		47DA657D25AB476E00F6EF5E /* AudioMemo.swift in Sources */ = {isa = PBXBuildFile; fileRef = 47DA657C25AB476E00F6EF5E /* AudioMemo.swift */; };
		62E24A212506DE8469649C85 /* Pods_AudioRecordingApp.framework in Frameworks */ = {isa = PBXBuildFile; fileRef = 1911EDC7DC004E98DF596283 /* Pods_AudioRecordingApp.framework */; };
/* End PBXBuildFile section */

/* Begin PBXFileReference section */
		1911EDC7DC004E98DF596283 /* Pods_AudioRecordingApp.framework */ = {isa = PBXFileReference; explicitFileType = wrapper.framework; includeInIndex = 0; path = Pods_AudioRecordingApp.framework; sourceTree = BUILT_PRODUCTS_DIR; };
		470FF3F125B54E7C00FD2D6F /* AudioRequestDelegate.swift */ = {isa = PBXFileReference; lastKnownFileType = sourcecode.swift; path = AudioRequestDelegate.swift; sourceTree = "<group>"; };
		470FF3FA25B79D8B00FD2D6F /* PlayingDelegate.swift */ = {isa = PBXFileReference; lastKnownFileType = sourcecode.swift; path = PlayingDelegate.swift; sourceTree = "<group>"; };
		4740DF1425AD239E00A4FAEF /* OperationOfPlayback.swift */ = {isa = PBXFileReference; lastKnownFileType = sourcecode.swift; path = OperationOfPlayback.swift; sourceTree = "<group>"; };
		47774ED625A68ED800015D37 /* DraftView.swift */ = {isa = PBXFileReference; lastKnownFileType = sourcecode.swift; path = DraftView.swift; sourceTree = "<group>"; };
		47B315B2259EEBC200981F01 /* AudioRecordingApp.app */ = {isa = PBXFileReference; explicitFileType = wrapper.application; includeInIndex = 0; path = AudioRecordingApp.app; sourceTree = BUILT_PRODUCTS_DIR; };
		47B315B5259EEBC200981F01 /* AppDelegate.swift */ = {isa = PBXFileReference; lastKnownFileType = sourcecode.swift; path = AppDelegate.swift; sourceTree = "<group>"; };
		47B315B7259EEBC200981F01 /* SceneDelegate.swift */ = {isa = PBXFileReference; lastKnownFileType = sourcecode.swift; path = SceneDelegate.swift; sourceTree = "<group>"; };
		47B315BE259EEBC300981F01 /* Assets.xcassets */ = {isa = PBXFileReference; lastKnownFileType = folder.assetcatalog; path = Assets.xcassets; sourceTree = "<group>"; };
		47B315C1259EEBC300981F01 /* Base */ = {isa = PBXFileReference; lastKnownFileType = file.storyboard; name = Base; path = Base.lproj/LaunchScreen.storyboard; sourceTree = "<group>"; };
		47B315C3259EEBC300981F01 /* Info.plist */ = {isa = PBXFileReference; lastKnownFileType = text.plist.xml; path = Info.plist; sourceTree = "<group>"; };
		47B315D7259EF7D500981F01 /* RecordingViewController.swift */ = {isa = PBXFileReference; lastKnownFileType = sourcecode.swift; path = RecordingViewController.swift; sourceTree = "<group>"; };
		47B315DD259F00F100981F01 /* RecordingView.swift */ = {isa = PBXFileReference; lastKnownFileType = sourcecode.swift; path = RecordingView.swift; sourceTree = "<group>"; };
		47B3160B25A045C900981F01 /* OperationOfRecord.swift */ = {isa = PBXFileReference; lastKnownFileType = sourcecode.swift; path = OperationOfRecord.swift; sourceTree = "<group>"; };
		47B3160E25A09A9300981F01 /* Extensions.swift */ = {isa = PBXFileReference; lastKnownFileType = sourcecode.swift; path = Extensions.swift; sourceTree = "<group>"; };
		47B3161125A09C3400981F01 /* RecordingViewDelegate.swift */ = {isa = PBXFileReference; lastKnownFileType = sourcecode.swift; path = RecordingViewDelegate.swift; sourceTree = "<group>"; };
		47B948D625B3119E005C799D /* CustomTableViewCell.swift */ = {isa = PBXFileReference; lastKnownFileType = sourcecode.swift; path = CustomTableViewCell.swift; sourceTree = "<group>"; };
		47CDBBAE25B83EC7005ACE3B /* DraftPlayingDelegate.swift */ = {isa = PBXFileReference; lastKnownFileType = sourcecode.swift; path = DraftPlayingDelegate.swift; sourceTree = "<group>"; };
		47CDBBC125B85EA7005ACE3B /* MainViewDelegate.swift */ = {isa = PBXFileReference; lastKnownFileType = sourcecode.swift; path = MainViewDelegate.swift; sourceTree = "<group>"; };
		47CDBBC425B877A2005ACE3B /* AudioTableViewDelegate.swift */ = {isa = PBXFileReference; lastKnownFileType = sourcecode.swift; path = AudioTableViewDelegate.swift; sourceTree = "<group>"; };
		47DA655925AAF59A00F6EF5E /* AudioTableView.swift */ = {isa = PBXFileReference; lastKnownFileType = sourcecode.swift; path = AudioTableView.swift; sourceTree = "<group>"; };
		47DA656425AB1B7C00F6EF5E /* MainView.swift */ = {isa = PBXFileReference; lastKnownFileType = sourcecode.swift; path = MainView.swift; sourceTree = "<group>"; };
		47DA656725AB1B9300F6EF5E /* MainViewController.swift */ = {isa = PBXFileReference; lastKnownFileType = sourcecode.swift; path = MainViewController.swift; sourceTree = "<group>"; };
		47DA657325AB3B7400F6EF5E /* FileManagerOperate.swift */ = {isa = PBXFileReference; lastKnownFileType = sourcecode.swift; path = FileManagerOperate.swift; sourceTree = "<group>"; };
		47DA657625AB3C2800F6EF5E /* PlayingView.swift */ = {isa = PBXFileReference; lastKnownFileType = sourcecode.swift; path = PlayingView.swift; sourceTree = "<group>"; };
		47DA657925AB410500F6EF5E /* PlayingViewController.swift */ = {isa = PBXFileReference; lastKnownFileType = sourcecode.swift; path = PlayingViewController.swift; sourceTree = "<group>"; };
		47DA657C25AB476E00F6EF5E /* AudioMemo.swift */ = {isa = PBXFileReference; lastKnownFileType = sourcecode.swift; path = AudioMemo.swift; sourceTree = "<group>"; };
		84ACEC1352320DBBD4D1DA4C /* Pods-AudioRecordingApp.debug.xcconfig */ = {isa = PBXFileReference; includeInIndex = 1; lastKnownFileType = text.xcconfig; name = "Pods-AudioRecordingApp.debug.xcconfig"; path = "Target Support Files/Pods-AudioRecordingApp/Pods-AudioRecordingApp.debug.xcconfig"; sourceTree = "<group>"; };
		A2C0F947DDAE131C945A1B71 /* Pods-AudioRecordingApp.release.xcconfig */ = {isa = PBXFileReference; includeInIndex = 1; lastKnownFileType = text.xcconfig; name = "Pods-AudioRecordingApp.release.xcconfig"; path = "Target Support Files/Pods-AudioRecordingApp/Pods-AudioRecordingApp.release.xcconfig"; sourceTree = "<group>"; };
/* End PBXFileReference section */

/* Begin PBXFrameworksBuildPhase section */
		47B315AF259EEBC200981F01 /* Frameworks */ = {
			isa = PBXFrameworksBuildPhase;
			buildActionMask = 2147483647;
			files = (
				62E24A212506DE8469649C85 /* Pods_AudioRecordingApp.framework in Frameworks */,
			);
			runOnlyForDeploymentPostprocessing = 0;
		};
/* End PBXFrameworksBuildPhase section */

/* Begin PBXGroup section */
		47B315A9259EEBC200981F01 = {
			isa = PBXGroup;
			children = (
				47B315B4259EEBC200981F01 /* AudioRecordingApp */,
				47B315B3259EEBC200981F01 /* Products */,
				557BB9599445115A871BF80F /* Pods */,
				736E99DCE58E6A6052C0C986 /* Frameworks */,
			);
			sourceTree = "<group>";
		};
		47B315B3259EEBC200981F01 /* Products */ = {
			isa = PBXGroup;
			children = (
				47B315B2259EEBC200981F01 /* AudioRecordingApp.app */,
			);
			name = Products;
			sourceTree = "<group>";
		};
		47B315B4259EEBC200981F01 /* AudioRecordingApp */ = {
			isa = PBXGroup;
			children = (
				47B315D2259EEEE900981F01 /* Model */,
				47B315D1259EEEE400981F01 /* View */,
				47B315D0259EEED900981F01 /* Controller */,
				47B315B5259EEBC200981F01 /* AppDelegate.swift */,
				47B315B7259EEBC200981F01 /* SceneDelegate.swift */,
				47B315BE259EEBC300981F01 /* Assets.xcassets */,
				47B315C0259EEBC300981F01 /* LaunchScreen.storyboard */,
				47B315C3259EEBC300981F01 /* Info.plist */,
			);
			path = AudioRecordingApp;
			sourceTree = "<group>";
		};
		47B315D0259EEED900981F01 /* Controller */ = {
			isa = PBXGroup;
			children = (
				47DA656725AB1B9300F6EF5E /* MainViewController.swift */,
				47B315D7259EF7D500981F01 /* RecordingViewController.swift */,
				47DA657925AB410500F6EF5E /* PlayingViewController.swift */,
			);
			path = Controller;
			sourceTree = "<group>";
		};
		47B315D1259EEEE400981F01 /* View */ = {
			isa = PBXGroup;
			children = (
				47DA656425AB1B7C00F6EF5E /* MainView.swift */,
				47DA655925AAF59A00F6EF5E /* AudioTableView.swift */,
				47B315DD259F00F100981F01 /* RecordingView.swift */,
				47774ED625A68ED800015D37 /* DraftView.swift */,
				47DA657625AB3C2800F6EF5E /* PlayingView.swift */,
				47B948D625B3119E005C799D /* CustomTableViewCell.swift */,
			);
			path = View;
			sourceTree = "<group>";
		};
		47B315D2259EEEE900981F01 /* Model */ = {
			isa = PBXGroup;
			children = (
				47CDBBB225B847E7005ACE3B /* Protocol */,
				47B3160E25A09A9300981F01 /* Extensions.swift */,
				47DA657325AB3B7400F6EF5E /* FileManagerOperate.swift */,
				47DA657C25AB476E00F6EF5E /* AudioMemo.swift */,
				47B3160B25A045C900981F01 /* OperationOfRecord.swift */,
				4740DF1425AD239E00A4FAEF /* OperationOfPlayback.swift */,
			);
			path = Model;
			sourceTree = "<group>";
		};
		47CDBBB225B847E7005ACE3B /* Protocol */ = {
			isa = PBXGroup;
			children = (
				47B3161125A09C3400981F01 /* RecordingViewDelegate.swift */,
				470FF3FA25B79D8B00FD2D6F /* PlayingDelegate.swift */,
				47CDBBAE25B83EC7005ACE3B /* DraftPlayingDelegate.swift */,
				470FF3F125B54E7C00FD2D6F /* AudioRequestDelegate.swift */,
				47CDBBC125B85EA7005ACE3B /* MainViewDelegate.swift */,
				47CDBBC425B877A2005ACE3B /* AudioTableViewDelegate.swift */,
			);
			path = Protocol;
			sourceTree = "<group>";
		};
		557BB9599445115A871BF80F /* Pods */ = {
			isa = PBXGroup;
			children = (
				84ACEC1352320DBBD4D1DA4C /* Pods-AudioRecordingApp.debug.xcconfig */,
				A2C0F947DDAE131C945A1B71 /* Pods-AudioRecordingApp.release.xcconfig */,
			);
			path = Pods;
			sourceTree = "<group>";
		};
		736E99DCE58E6A6052C0C986 /* Frameworks */ = {
			isa = PBXGroup;
			children = (
				1911EDC7DC004E98DF596283 /* Pods_AudioRecordingApp.framework */,
			);
			name = Frameworks;
			sourceTree = "<group>";
		};
/* End PBXGroup section */

/* Begin PBXNativeTarget section */
		47B315B1259EEBC200981F01 /* AudioRecordingApp */ = {
			isa = PBXNativeTarget;
			buildConfigurationList = 47B315C6259EEBC300981F01 /* Build configuration list for PBXNativeTarget "AudioRecordingApp" */;
			buildPhases = (
				5C00F320846FF6C35575469E /* [CP] Check Pods Manifest.lock */,
				47B315AE259EEBC200981F01 /* Sources */,
				47B315AF259EEBC200981F01 /* Frameworks */,
				47B315B0259EEBC200981F01 /* Resources */,
				5E62F0AB0DD75CD3042C4FEF /* [CP] Embed Pods Frameworks */,
			);
			buildRules = (
			);
			dependencies = (
			);
			name = AudioRecordingApp;
			productName = AudioRecordingApp;
			productReference = 47B315B2259EEBC200981F01 /* AudioRecordingApp.app */;
			productType = "com.apple.product-type.application";
		};
/* End PBXNativeTarget section */

/* Begin PBXProject section */
		47B315AA259EEBC200981F01 /* Project object */ = {
			isa = PBXProject;
			attributes = {
				LastSwiftUpdateCheck = 1230;
				LastUpgradeCheck = 1230;
				TargetAttributes = {
					47B315B1259EEBC200981F01 = {
						CreatedOnToolsVersion = 12.3;
					};
				};
			};
			buildConfigurationList = 47B315AD259EEBC200981F01 /* Build configuration list for PBXProject "AudioRecordingApp" */;
			compatibilityVersion = "Xcode 9.3";
			developmentRegion = en;
			hasScannedForEncodings = 0;
			knownRegions = (
				en,
				Base,
			);
			mainGroup = 47B315A9259EEBC200981F01;
			productRefGroup = 47B315B3259EEBC200981F01 /* Products */;
			projectDirPath = "";
			projectRoot = "";
			targets = (
				47B315B1259EEBC200981F01 /* AudioRecordingApp */,
			);
		};
/* End PBXProject section */

/* Begin PBXResourcesBuildPhase section */
		47B315B0259EEBC200981F01 /* Resources */ = {
			isa = PBXResourcesBuildPhase;
			buildActionMask = 2147483647;
			files = (
				47B315C2259EEBC300981F01 /* LaunchScreen.storyboard in Resources */,
				47B315BF259EEBC300981F01 /* Assets.xcassets in Resources */,
			);
			runOnlyForDeploymentPostprocessing = 0;
		};
/* End PBXResourcesBuildPhase section */

/* Begin PBXShellScriptBuildPhase section */
		5C00F320846FF6C35575469E /* [CP] Check Pods Manifest.lock */ = {
			isa = PBXShellScriptBuildPhase;
			buildActionMask = 2147483647;
			files = (
			);
			inputFileListPaths = (
			);
			inputPaths = (
				"${PODS_PODFILE_DIR_PATH}/Podfile.lock",
				"${PODS_ROOT}/Manifest.lock",
			);
			name = "[CP] Check Pods Manifest.lock";
			outputFileListPaths = (
			);
			outputPaths = (
				"$(DERIVED_FILE_DIR)/Pods-AudioRecordingApp-checkManifestLockResult.txt",
			);
			runOnlyForDeploymentPostprocessing = 0;
			shellPath = /bin/sh;
			shellScript = "diff \"${PODS_PODFILE_DIR_PATH}/Podfile.lock\" \"${PODS_ROOT}/Manifest.lock\" > /dev/null\nif [ $? != 0 ] ; then\n    # print error to STDERR\n    echo \"error: The sandbox is not in sync with the Podfile.lock. Run 'pod install' or update your CocoaPods installation.\" >&2\n    exit 1\nfi\n# This output is used by Xcode 'outputs' to avoid re-running this script phase.\necho \"SUCCESS\" > \"${SCRIPT_OUTPUT_FILE_0}\"\n";
			showEnvVarsInLog = 0;
		};
		5E62F0AB0DD75CD3042C4FEF /* [CP] Embed Pods Frameworks */ = {
			isa = PBXShellScriptBuildPhase;
			buildActionMask = 2147483647;
			files = (
			);
			inputFileListPaths = (
				"${PODS_ROOT}/Target Support Files/Pods-AudioRecordingApp/Pods-AudioRecordingApp-frameworks-${CONFIGURATION}-input-files.xcfilelist",
			);
			name = "[CP] Embed Pods Frameworks";
			outputFileListPaths = (
				"${PODS_ROOT}/Target Support Files/Pods-AudioRecordingApp/Pods-AudioRecordingApp-frameworks-${CONFIGURATION}-output-files.xcfilelist",
			);
			runOnlyForDeploymentPostprocessing = 0;
			shellPath = /bin/sh;
			shellScript = "\"${PODS_ROOT}/Target Support Files/Pods-AudioRecordingApp/Pods-AudioRecordingApp-frameworks.sh\"\n";
			showEnvVarsInLog = 0;
		};
/* End PBXShellScriptBuildPhase section */

/* Begin PBXSourcesBuildPhase section */
		47B315AE259EEBC200981F01 /* Sources */ = {
			isa = PBXSourcesBuildPhase;
			buildActionMask = 2147483647;
			files = (
				47DA656525AB1B7C00F6EF5E /* MainView.swift in Sources */,
				47DA657D25AB476E00F6EF5E /* AudioMemo.swift in Sources */,
				47CDBBC225B85EA7005ACE3B /* MainViewDelegate.swift in Sources */,
				47DA655A25AAF59A00F6EF5E /* AudioTableView.swift in Sources */,
				47B3160F25A09A9300981F01 /* Extensions.swift in Sources */,
				47774ED725A68ED800015D37 /* DraftView.swift in Sources */,
				4740DF1525AD239E00A4FAEF /* OperationOfPlayback.swift in Sources */,
				47DA657425AB3B7400F6EF5E /* FileManagerOperate.swift in Sources */,
				47DA657725AB3C2800F6EF5E /* PlayingView.swift in Sources */,
				47B3161225A09C3400981F01 /* RecordingViewDelegate.swift in Sources */,
				470FF3F225B54E7C00FD2D6F /* AudioRequestDelegate.swift in Sources */,
				47B948D725B3119E005C799D /* CustomTableViewCell.swift in Sources */,
				47DA657A25AB410500F6EF5E /* PlayingViewController.swift in Sources */,
				47B315B6259EEBC200981F01 /* AppDelegate.swift in Sources */,
				47CDBBAF25B83EC7005ACE3B /* DraftPlayingDelegate.swift in Sources */,
				47B315DE259F00F100981F01 /* RecordingView.swift in Sources */,
				47DA656825AB1B9300F6EF5E /* MainViewController.swift in Sources */,
				47B315B8259EEBC200981F01 /* SceneDelegate.swift in Sources */,
				47B3160C25A045C900981F01 /* OperationOfRecord.swift in Sources */,
				47B315D8259EF7D500981F01 /* RecordingViewController.swift in Sources */,
				470FF3FB25B79D8B00FD2D6F /* PlayingDelegate.swift in Sources */,
				47CDBBC525B877A2005ACE3B /* AudioTableViewDelegate.swift in Sources */,
			);
			runOnlyForDeploymentPostprocessing = 0;
		};
/* End PBXSourcesBuildPhase section */

/* Begin PBXVariantGroup section */
		47B315C0259EEBC300981F01 /* LaunchScreen.storyboard */ = {
			isa = PBXVariantGroup;
			children = (
				47B315C1259EEBC300981F01 /* Base */,
			);
			name = LaunchScreen.storyboard;
			sourceTree = "<group>";
		};
/* End PBXVariantGroup section */

/* Begin XCBuildConfiguration section */
		47B315C4259EEBC300981F01 /* Debug */ = {
			isa = XCBuildConfiguration;
			buildSettings = {
				ALWAYS_SEARCH_USER_PATHS = NO;
				CLANG_ANALYZER_NONNULL = YES;
				CLANG_ANALYZER_NUMBER_OBJECT_CONVERSION = YES_AGGRESSIVE;
				CLANG_CXX_LANGUAGE_STANDARD = "gnu++14";
				CLANG_CXX_LIBRARY = "libc++";
				CLANG_ENABLE_MODULES = YES;
				CLANG_ENABLE_OBJC_ARC = YES;
				CLANG_ENABLE_OBJC_WEAK = YES;
				CLANG_WARN_BLOCK_CAPTURE_AUTORELEASING = YES;
				CLANG_WARN_BOOL_CONVERSION = YES;
				CLANG_WARN_COMMA = YES;
				CLANG_WARN_CONSTANT_CONVERSION = YES;
				CLANG_WARN_DEPRECATED_OBJC_IMPLEMENTATIONS = YES;
				CLANG_WARN_DIRECT_OBJC_ISA_USAGE = YES_ERROR;
				CLANG_WARN_DOCUMENTATION_COMMENTS = YES;
				CLANG_WARN_EMPTY_BODY = YES;
				CLANG_WARN_ENUM_CONVERSION = YES;
				CLANG_WARN_INFINITE_RECURSION = YES;
				CLANG_WARN_INT_CONVERSION = YES;
				CLANG_WARN_NON_LITERAL_NULL_CONVERSION = YES;
				CLANG_WARN_OBJC_IMPLICIT_RETAIN_SELF = YES;
				CLANG_WARN_OBJC_LITERAL_CONVERSION = YES;
				CLANG_WARN_OBJC_ROOT_CLASS = YES_ERROR;
				CLANG_WARN_QUOTED_INCLUDE_IN_FRAMEWORK_HEADER = YES;
				CLANG_WARN_RANGE_LOOP_ANALYSIS = YES;
				CLANG_WARN_STRICT_PROTOTYPES = YES;
				CLANG_WARN_SUSPICIOUS_MOVE = YES;
				CLANG_WARN_UNGUARDED_AVAILABILITY = YES_AGGRESSIVE;
				CLANG_WARN_UNREACHABLE_CODE = YES;
				CLANG_WARN__DUPLICATE_METHOD_MATCH = YES;
				COPY_PHASE_STRIP = NO;
				DEBUG_INFORMATION_FORMAT = dwarf;
				ENABLE_STRICT_OBJC_MSGSEND = YES;
				ENABLE_TESTABILITY = YES;
				GCC_C_LANGUAGE_STANDARD = gnu11;
				GCC_DYNAMIC_NO_PIC = NO;
				GCC_NO_COMMON_BLOCKS = YES;
				GCC_OPTIMIZATION_LEVEL = 0;
				GCC_PREPROCESSOR_DEFINITIONS = (
					"DEBUG=1",
					"$(inherited)",
				);
				GCC_WARN_64_TO_32_BIT_CONVERSION = YES;
				GCC_WARN_ABOUT_RETURN_TYPE = YES_ERROR;
				GCC_WARN_UNDECLARED_SELECTOR = YES;
				GCC_WARN_UNINITIALIZED_AUTOS = YES_AGGRESSIVE;
				GCC_WARN_UNUSED_FUNCTION = YES;
				GCC_WARN_UNUSED_VARIABLE = YES;
				IPHONEOS_DEPLOYMENT_TARGET = 14.3;
				MTL_ENABLE_DEBUG_INFO = INCLUDE_SOURCE;
				MTL_FAST_MATH = YES;
				ONLY_ACTIVE_ARCH = YES;
				SDKROOT = iphoneos;
				SWIFT_ACTIVE_COMPILATION_CONDITIONS = DEBUG;
				SWIFT_OPTIMIZATION_LEVEL = "-Onone";
			};
			name = Debug;
		};
		47B315C5259EEBC300981F01 /* Release */ = {
			isa = XCBuildConfiguration;
			buildSettings = {
				ALWAYS_SEARCH_USER_PATHS = NO;
				CLANG_ANALYZER_NONNULL = YES;
				CLANG_ANALYZER_NUMBER_OBJECT_CONVERSION = YES_AGGRESSIVE;
				CLANG_CXX_LANGUAGE_STANDARD = "gnu++14";
				CLANG_CXX_LIBRARY = "libc++";
				CLANG_ENABLE_MODULES = YES;
				CLANG_ENABLE_OBJC_ARC = YES;
				CLANG_ENABLE_OBJC_WEAK = YES;
				CLANG_WARN_BLOCK_CAPTURE_AUTORELEASING = YES;
				CLANG_WARN_BOOL_CONVERSION = YES;
				CLANG_WARN_COMMA = YES;
				CLANG_WARN_CONSTANT_CONVERSION = YES;
				CLANG_WARN_DEPRECATED_OBJC_IMPLEMENTATIONS = YES;
				CLANG_WARN_DIRECT_OBJC_ISA_USAGE = YES_ERROR;
				CLANG_WARN_DOCUMENTATION_COMMENTS = YES;
				CLANG_WARN_EMPTY_BODY = YES;
				CLANG_WARN_ENUM_CONVERSION = YES;
				CLANG_WARN_INFINITE_RECURSION = YES;
				CLANG_WARN_INT_CONVERSION = YES;
				CLANG_WARN_NON_LITERAL_NULL_CONVERSION = YES;
				CLANG_WARN_OBJC_IMPLICIT_RETAIN_SELF = YES;
				CLANG_WARN_OBJC_LITERAL_CONVERSION = YES;
				CLANG_WARN_OBJC_ROOT_CLASS = YES_ERROR;
				CLANG_WARN_QUOTED_INCLUDE_IN_FRAMEWORK_HEADER = YES;
				CLANG_WARN_RANGE_LOOP_ANALYSIS = YES;
				CLANG_WARN_STRICT_PROTOTYPES = YES;
				CLANG_WARN_SUSPICIOUS_MOVE = YES;
				CLANG_WARN_UNGUARDED_AVAILABILITY = YES_AGGRESSIVE;
				CLANG_WARN_UNREACHABLE_CODE = YES;
				CLANG_WARN__DUPLICATE_METHOD_MATCH = YES;
				COPY_PHASE_STRIP = NO;
				DEBUG_INFORMATION_FORMAT = "dwarf-with-dsym";
				ENABLE_NS_ASSERTIONS = NO;
				ENABLE_STRICT_OBJC_MSGSEND = YES;
				GCC_C_LANGUAGE_STANDARD = gnu11;
				GCC_NO_COMMON_BLOCKS = YES;
				GCC_WARN_64_TO_32_BIT_CONVERSION = YES;
				GCC_WARN_ABOUT_RETURN_TYPE = YES_ERROR;
				GCC_WARN_UNDECLARED_SELECTOR = YES;
				GCC_WARN_UNINITIALIZED_AUTOS = YES_AGGRESSIVE;
				GCC_WARN_UNUSED_FUNCTION = YES;
				GCC_WARN_UNUSED_VARIABLE = YES;
				IPHONEOS_DEPLOYMENT_TARGET = 14.3;
				MTL_ENABLE_DEBUG_INFO = NO;
				MTL_FAST_MATH = YES;
				SDKROOT = iphoneos;
				SWIFT_COMPILATION_MODE = wholemodule;
				SWIFT_OPTIMIZATION_LEVEL = "-O";
				VALIDATE_PRODUCT = YES;
			};
			name = Release;
		};
		47B315C7259EEBC300981F01 /* Debug */ = {
			isa = XCBuildConfiguration;
			baseConfigurationReference = 84ACEC1352320DBBD4D1DA4C /* Pods-AudioRecordingApp.debug.xcconfig */;
			buildSettings = {
				ASSETCATALOG_COMPILER_APPICON_NAME = AppIcon;
				ASSETCATALOG_COMPILER_GLOBAL_ACCENT_COLOR_NAME = AccentColor;
				CODE_SIGN_STYLE = Automatic;
				DEVELOPMENT_TEAM = B75CP82UAG;
				INFOPLIST_FILE = AudioRecordingApp/Info.plist;
				LD_RUNPATH_SEARCH_PATHS = (
					"$(inherited)",
					"@executable_path/Frameworks",
				);
				PRODUCT_BUNDLE_IDENTIFIER = otsuka.amane.AudioRecordingApp;
				PRODUCT_NAME = "$(TARGET_NAME)";
				SWIFT_VERSION = 5.0;
				TARGETED_DEVICE_FAMILY = "1,2";
			};
			name = Debug;
		};
		47B315C8259EEBC300981F01 /* Release */ = {
			isa = XCBuildConfiguration;
			baseConfigurationReference = A2C0F947DDAE131C945A1B71 /* Pods-AudioRecordingApp.release.xcconfig */;
			buildSettings = {
				ASSETCATALOG_COMPILER_APPICON_NAME = AppIcon;
				ASSETCATALOG_COMPILER_GLOBAL_ACCENT_COLOR_NAME = AccentColor;
				CODE_SIGN_STYLE = Automatic;
				DEVELOPMENT_TEAM = B75CP82UAG;
				INFOPLIST_FILE = AudioRecordingApp/Info.plist;
				LD_RUNPATH_SEARCH_PATHS = (
					"$(inherited)",
					"@executable_path/Frameworks",
				);
				PRODUCT_BUNDLE_IDENTIFIER = otsuka.amane.AudioRecordingApp;
				PRODUCT_NAME = "$(TARGET_NAME)";
				SWIFT_VERSION = 5.0;
				TARGETED_DEVICE_FAMILY = "1,2";
			};
			name = Release;
		};
/* End XCBuildConfiguration section */

/* Begin XCConfigurationList section */
		47B315AD259EEBC200981F01 /* Build configuration list for PBXProject "AudioRecordingApp" */ = {
			isa = XCConfigurationList;
			buildConfigurations = (
				47B315C4259EEBC300981F01 /* Debug */,
				47B315C5259EEBC300981F01 /* Release */,
			);
			defaultConfigurationIsVisible = 0;
			defaultConfigurationName = Release;
		};
		47B315C6259EEBC300981F01 /* Build configuration list for PBXNativeTarget "AudioRecordingApp" */ = {
			isa = XCConfigurationList;
			buildConfigurations = (
				47B315C7259EEBC300981F01 /* Debug */,
				47B315C8259EEBC300981F01 /* Release */,
			);
			defaultConfigurationIsVisible = 0;
			defaultConfigurationName = Release;
		};
/* End XCConfigurationList section */
	};
	rootObject = 47B315AA259EEBC200981F01 /* Project object */;
}
